
Microsoft Visual Studio Solution File, Format Version 12.00
# Visual Studio 15
VisualStudioVersion = 15.0.28307.852
MinimumVisualStudioVersion = 10.0.40219.1
Project("{9A19103F-16F7-4668-BE54-9A1E7A4F7556}") = "Diploma", "DiplomaConsole\Diploma.csproj", "{D4B8E5FC-3166-4F88-830A-A64B0473180C}"
EndProject
Project("{FAE04EC0-301F-11D3-BF4B-00C04F79EFBC}") = "Diploma.Tests", "Diploma.Tests\Diploma.Tests.csproj", "{37F77C0B-EA06-4016-8693-97CF1B6243AE}"
EndProject
Project("{FAE04EC0-301F-11D3-BF4B-00C04F79EFBC}") = "DiplomaTests", "DiplomaTests\DiplomaTests.csproj", "{6E25E7A5-2F97-4ED6-AE1F-E9DE7B27332A}"
EndProject
Global
	GlobalSection(SolutionConfigurationPlatforms) = preSolution
		Debug|Any CPU = Debug|Any CPU
		Release|Any CPU = Release|Any CPU
	EndGlobalSection
	GlobalSection(ProjectConfigurationPlatforms) = postSolution
		{D4B8E5FC-3166-4F88-830A-A64B0473180C}.Debug|Any CPU.ActiveCfg = Debug|Any CPU
		{D4B8E5FC-3166-4F88-830A-A64B0473180C}.Debug|Any CPU.Build.0 = Debug|Any CPU
		{D4B8E5FC-3166-4F88-830A-A64B0473180C}.Release|Any CPU.ActiveCfg = Release|Any CPU
		{D4B8E5FC-3166-4F88-830A-A64B0473180C}.Release|Any CPU.Build.0 = Release|Any CPU
		{37F77C0B-EA06-4016-8693-97CF1B6243AE}.Debug|Any CPU.ActiveCfg = Debug|Any CPU
		{37F77C0B-EA06-4016-8693-97CF1B6243AE}.Debug|Any CPU.Build.0 = Debug|Any CPU
		{37F77C0B-EA06-4016-8693-97CF1B6243AE}.Release|Any CPU.ActiveCfg = Release|Any CPU
		{37F77C0B-EA06-4016-8693-97CF1B6243AE}.Release|Any CPU.Build.0 = Release|Any CPU
		{6E25E7A5-2F97-4ED6-AE1F-E9DE7B27332A}.Debug|Any CPU.ActiveCfg = Debug|Any CPU
		{6E25E7A5-2F97-4ED6-AE1F-E9DE7B27332A}.Debug|Any CPU.Build.0 = Debug|Any CPU
		{6E25E7A5-2F97-4ED6-AE1F-E9DE7B27332A}.Release|Any CPU.ActiveCfg = Release|Any CPU
		{6E25E7A5-2F97-4ED6-AE1F-E9DE7B27332A}.Release|Any CPU.Build.0 = Release|Any CPU
	EndGlobalSection
	GlobalSection(SolutionProperties) = preSolution
		HideSolutionNode = FALSE
	EndGlobalSection
	GlobalSection(ExtensibilityGlobals) = postSolution
		SolutionGuid = {483FA6C5-DE9D-477A-AF98-97662EC5C37F}
	EndGlobalSection
EndGlobal
